PODS:
  - Flutter (1.0.0)
  - loadmore_listview (0.0.1):
    - Flutter

DEPENDENCIES:
  - Flutter (from `Flutter`)
  - loadmore_listview (from `.symlinks/plugins/loadmore_listview/ios`)

EXTERNAL SOURCES:
  Flutter:
    :path: Flutter
  loadmore_listview:
    :path: ".symlinks/plugins/loadmore_listview/ios"

SPEC CHECKSUMS:
  Flutter: e0871f40cf51350855a761d2e70bf5af5b9b5de7
  loadmore_listview: 2395217ef076a396ce4b6f70806b0c306b9825b5

PODFILE CHECKSUM: c4c93c5f6502fe2754f48404d3594bf779584011

COCOAPODS: 1.16.2
